{
  "version": 4,
  "terraform_version": "1.13.5",
  "serial": 22,
  "lineage": "d033214f-6c9d-5c6a-605d-446f2a8899ba",
  "outputs": {},
  "resources": [
    {
      "mode": "data",
      "type": "spotify_search_track",
      "name": "Satinder_Sartaj",
      "provider": "provider[\"registry.terraform.io/conradludgate/spotify\"]",
      "instances": [
        {
          "schema_version": 0,
          "attributes": {
            "album": null,
            "artist": "Satinder Sartaj",
            "explicit": true,
            "id": "1763336068",
            "limit": 10,
            "name": null,
            "tracks": [
              {
                "album": "4xF2qIUtsAvN5laJlXuav6",
                "artists": [
                  "4rgw8A5vcYinpZLDKHrEdV"
                ],
                "id": "3K3mo4LoxPKk18oqIC3hQC",
                "name": "Udaarian"
              },
              {
                "album": "0riNhcwPGwmMddXM56X1Tm",
                "artists": [
                  "4rgw8A5vcYinpZLDKHrEdV"
                ],
                "id": "2wJrXt4ysLBry4GAkgmDpy",
                "name": "Sajjan Raazi"
              },
              {
                "album": "3QrDIIhCfGDnpnuw10GJtk",
                "artists": [
                  "4rgw8A5vcYinpZLDKHrEdV"
                ],
                "id": "1lPxEbbZaDv5Zy6SYoeaF0",
                "name": "Udaarian - 2.0"
              },
              {
                "album": "3QrDIIhCfGDnpnuw10GJtk",
                "artists": [
                  "4rgw8A5vcYinpZLDKHrEdV"
                ],
                "id": "0VLOjHoPU01al8NSwcIGIF",
                "name": "Ikko - Mikke-Title Track"
              },
              {
                "album": "0ho8kS7YWuFQLGrq90cxsZ",
                "artists": [
                  "4rgw8A5vcYinpZLDKHrEdV",
                  "5qQVMvDtASDmERUI9LlbgH"
                ],
                "id": "5zl1AKNOHJwNzlJzIQCYsJ",
                "name": "Tiyariyan (From \"Hoshiar Singh\")"
              },
              {
                "album": "46hgGrZzsqxtTccI0Ah79N",
                "artists": [
                  "4rgw8A5vcYinpZLDKHrEdV"
                ],
                "id": "3jAS50aR8vgoAPpGv43FC1",
                "name": "Matwaliye - Seven Rivers"
              },
              {
                "album": "26qjjbPt5NtLSEvVKMB2rZ",
                "artists": [
                  "4rgw8A5vcYinpZLDKHrEdV",
                  "5qQVMvDtASDmERUI9LlbgH"
                ],
                "id": "3WqXuld2bCw10hI7hHxkLR",
                "name": "Masoomiat"
              },
              {
                "album": "5CC1wvdf4kTeBlS6yBDOmj",
                "artists": [
                  "4rgw8A5vcYinpZLDKHrEdV",
                  "3pQ4aA7dkolyjUAMrVScgh"
                ],
                "id": "7Ja3egkluF7BuxEIhSYdvu",
                "name": "Kamaal Ho Gea"
              },
              {
                "album": "4xF2qIUtsAvN5laJlXuav6",
                "artists": [
                  "4rgw8A5vcYinpZLDKHrEdV",
                  "1tSV6wUtJWPNuEp4aSMzhS"
                ],
                "id": "6CPStPrCzQaNxRHP9gid67",
                "name": "Tere Vaastey"
              },
              {
                "album": "7JUJIzesD7s9xRB9saWAxy",
                "artists": [
                  "4rgw8A5vcYinpZLDKHrEdV"
                ],
                "id": "2H3v7qzpdzubw9bEeL0CgL",
                "name": "Ikko - Mikke"
              }
            ],
            "year": null
          },
          "sensitive_attributes": [],
          "identity_schema_version": 0
        }
      ]
    },
    {
      "mode": "managed",
      "type": "spotify_playlist",
      "name": "Bollywood",
      "provider": "provider[\"registry.terraform.io/conradludgate/spotify\"]",
      "instances": [
        {
          "schema_version": 0,
          "attributes": {
            "description": "",
            "id": "1Y3jUzMd5YhEobCKMiVf3b",
            "name": "Bollywood",
            "public": true,
            "snapshot_id": "AAAAAhaoykrYjzXfXxGmZAtplst18YcR",
            "tracks": [
              "131yybV7A3TmC34a0qE8u8"
            ]
          },
          "sensitive_attributes": [],
          "identity_schema_version": 0,
          "private": "bnVsbA=="
        }
      ]
    },
    {
      "mode": "managed",
      "type": "spotify_playlist",
      "name": "Punjabi_Songs",
      "provider": "provider[\"registry.terraform.io/conradludgate/spotify\"]",
      "instances": [
        {
          "schema_version": 0,
          "attributes": {
            "description": "",
            "id": "4jcHioyERt0oTgTkoAoRIs",
            "name": "Punjabi Songs",
            "public": true,
            "snapshot_id": "AAAAApmZVa1ya+3drbyTxhs42OF0In0X",
            "tracks": [
              "3K3mo4LoxPKk18oqIC3hQC",
              "2wJrXt4ysLBry4GAkgmDpy"
            ]
          },
          "sensitive_attributes": [],
          "identity_schema_version": 0,
          "private": "bnVsbA==",
          "dependencies": [
            "data.spotify_search_track.Satinder_Sartaj"
          ]
        }
      ]
    },
    {
      "mode": "managed",
      "type": "spotify_playlist",
      "name": "happy_tracks",
      "provider": "provider[\"registry.terraform.io/conradludgate/spotify\"]",
      "instances": [
        {
          "schema_version": 0,
          "attributes": {
            "description": "Uplifting songs",
            "id": "2K6LaOkdVugBWqmp0fb3op",
            "name": "Happy Tracks",
            "public": false,
            "snapshot_id": "AAAAA+/wocTbVhWoHKV3lEUsTb6EYWfj",
            "tracks": [
              "3Kl8p2PxVf8eAayLwTxOIm",
              "4uZnwiu2fnfTKWn8zt6XZx",
              "6n6hEYHXBzWfdSzBX20ZRw",
              "27SAeCms6XAVJMcki0GpPV",
              "0gPgdRfB4jdGrlyXS0Vx78",
              "0zFG3RWjka7dNRIRTWnXMN",
              "0dZjWF8uklfNUHiPS2vC6E",
              "0ypgFw67lNEpoKFUxUV0tG",
              "2vuhZrEHS25D8xNQTSvuuj",
              "2xPgLSozcGeM6rQi5eIWmY",
              "5WncH5iZ5GFlnXm7jKEXVP",
              "0MzimbGlnX7GS2lRuD5eTT",
              "1ELMyeJLDHUz3cK3XTWgEi",
              "5u4q3iqZ9IMbXaR7bsGYbW",
              "3hCUkos0NxuSFl73oOHJzb",
              "7d1Nv6JhNVSrUKwCX8PYym",
              "05wIrZSwuaVWhcv5FfqeH0",
              "0DrDcqWpokMlhKYJSwoT4B",
              "2grjqo0Frpf2okIBiifQKs",
              "4rmFRTmHa2bWUmMLIRVEXQ",
              "6KgBpzTuTRPebChN0VTyzV",
              "5LxvwujISqiB8vpRYv887S",
              "0GjEhVFGZW8afUYGChu3Rr",
              "2PpruBYCo4H7WOBJ7Q2EwM",
              "4sQmCQUZcnBPaVm4dEUKv7",
              "0cqRj7pUJDkTCEsJkx8snD",
              "72IwoG8tqvIWV10IHjpNNA",
              "5d6Mjuu2uCGRPYpFjGpCX5",
              "55h7vJchibLdUkxdlX3fK7",
              "6RtPijgfPKROxEzTHNRiDp",
              "3Kl8p2PxVf8eAayLwTxOIm",
              "4uZnwiu2fnfTKWn8zt6XZx",
              "6n6hEYHXBzWfdSzBX20ZRw",
              "27SAeCms6XAVJMcki0GpPV",
              "0gPgdRfB4jdGrlyXS0Vx78",
              "0zFG3RWjka7dNRIRTWnXMN",
              "0dZjWF8uklfNUHiPS2vC6E",
              "0ypgFw67lNEpoKFUxUV0tG",
              "2vuhZrEHS25D8xNQTSvuuj",
              "2xPgLSozcGeM6rQi5eIWmY",
              "5WncH5iZ5GFlnXm7jKEXVP",
              "0MzimbGlnX7GS2lRuD5eTT",
              "1ELMyeJLDHUz3cK3XTWgEi",
              "5u4q3iqZ9IMbXaR7bsGYbW",
              "3hCUkos0NxuSFl73oOHJzb",
              "7d1Nv6JhNVSrUKwCX8PYym",
              "05wIrZSwuaVWhcv5FfqeH0",
              "0DrDcqWpokMlhKYJSwoT4B",
              "2grjqo0Frpf2okIBiifQKs",
              "4rmFRTmHa2bWUmMLIRVEXQ",
              "6KgBpzTuTRPebChN0VTyzV",
              "5LxvwujISqiB8vpRYv887S",
              "0GjEhVFGZW8afUYGChu3Rr",
              "2PpruBYCo4H7WOBJ7Q2EwM",
              "4sQmCQUZcnBPaVm4dEUKv7",
              "0cqRj7pUJDkTCEsJkx8snD",
              "72IwoG8tqvIWV10IHjpNNA",
              "5d6Mjuu2uCGRPYpFjGpCX5",
              "55h7vJchibLdUkxdlX3fK7",
              "6RtPijgfPKROxEzTHNRiDp"
            ]
          },
          "sensitive_attributes": [],
          "identity_schema_version": 0,
          "private": "bnVsbA=="
        }
      ]
    }
  ],
  "check_results": null
}
